// !$*UTF8*$!
{
	archiveVersion = 1;
	classes = {
	};
	objectVersion = 55;
	objects = {

/* Begin PBXBuildFile section */
		2DA24B5A27AB42A500E812E6 /* AppDelegate.swift in Sources */ = {isa = PBXBuildFile; fileRef = 2DA24B5927AB42A500E812E6 /* AppDelegate.swift */; };
		2DA24B5C27AB42A500E812E6 /* SceneDelegate.swift in Sources */ = {isa = PBXBuildFile; fileRef = 2DA24B5B27AB42A500E812E6 /* SceneDelegate.swift */; };
		2DA24B6327AB42A800E812E6 /* Assets.xcassets in Resources */ = {isa = PBXBuildFile; fileRef = 2DA24B6227AB42A800E812E6 /* Assets.xcassets */; };
		2DA24B6627AB42A800E812E6 /* LaunchScreen.storyboard in Resources */ = {isa = PBXBuildFile; fileRef = 2DA24B6427AB42A800E812E6 /* LaunchScreen.storyboard */; };
		2DA24B7127AB42A800E812E6 /* SAPTaskTests.swift in Sources */ = {isa = PBXBuildFile; fileRef = 2DA24B7027AB42A800E812E6 /* SAPTaskTests.swift */; };
		2DA24B7B27AB42A800E812E6 /* SAPTaskUITests.swift in Sources */ = {isa = PBXBuildFile; fileRef = 2DA24B7A27AB42A800E812E6 /* SAPTaskUITests.swift */; };
		2DA24B7D27AB42A800E812E6 /* SAPTaskUITestsLaunchTests.swift in Sources */ = {isa = PBXBuildFile; fileRef = 2DA24B7C27AB42A800E812E6 /* SAPTaskUITestsLaunchTests.swift */; };
		2DA24B8C27AB43EE00E812E6 /* DashboardVC.swift in Sources */ = {isa = PBXBuildFile; fileRef = 2DA24B8B27AB43ED00E812E6 /* DashboardVC.swift */; };
		2DA24B9327AB55C900E812E6 /* Constant.swift in Sources */ = {isa = PBXBuildFile; fileRef = 2DA24B9227AB55C900E812E6 /* Constant.swift */; };
		2DA24B9B27AB5A0700E812E6 /* NSObject.swift in Sources */ = {isa = PBXBuildFile; fileRef = 2DA24B9A27AB5A0700E812E6 /* NSObject.swift */; };
		2DA24B9D27AB5CE500E812E6 /* ImageModel.swift in Sources */ = {isa = PBXBuildFile; fileRef = 2DA24B9C27AB5CE400E812E6 /* ImageModel.swift */; };
		2DA24BA127AB834200E812E6 /* WebService.swift in Sources */ = {isa = PBXBuildFile; fileRef = 2DA24BA027AB834100E812E6 /* WebService.swift */; };
		2DD0E33A27AC9B640033F931 /* ImageTableViewCell.swift in Sources */ = {isa = PBXBuildFile; fileRef = 2DD0E33927AC9B640033F931 /* ImageTableViewCell.swift */; };
		2DD0E33C27ACA4AF0033F931 /* Utility.swift in Sources */ = {isa = PBXBuildFile; fileRef = 2DD0E33B27ACA4AF0033F931 /* Utility.swift */; };
		3F33EB61674B57FFF9B2E85B /* Pods_SAPTask_SAPTaskUITests.framework in Frameworks */ = {isa = PBXBuildFile; fileRef = C5FCD2BF6E53C62270D74E98 /* Pods_SAPTask_SAPTaskUITests.framework */; };
		4CAA1A9D66F82B6216FAF248 /* Pods_SAPTask.framework in Frameworks */ = {isa = PBXBuildFile; fileRef = FF5203FB90244CB894EDD0F7 /* Pods_SAPTask.framework */; };
		72B530D551D7A3C9144D68D0 /* Pods_SAPTaskTests.framework in Frameworks */ = {isa = PBXBuildFile; fileRef = 2FD115FE930CB65C0F57FDFA /* Pods_SAPTaskTests.framework */; };
/* End PBXBuildFile section */

/* Begin PBXContainerItemProxy section */
		2DA24B6D27AB42A800E812E6 /* PBXContainerItemProxy */ = {
			isa = PBXContainerItemProxy;
			containerPortal = 2DA24B4E27AB42A500E812E6 /* Project object */;
			proxyType = 1;
			remoteGlobalIDString = 2DA24B5527AB42A500E812E6;
			remoteInfo = SAPTask;
		};
		2DA24B7727AB42A800E812E6 /* PBXContainerItemProxy */ = {
			isa = PBXContainerItemProxy;
			containerPortal = 2DA24B4E27AB42A500E812E6 /* Project object */;
			proxyType = 1;
			remoteGlobalIDString = 2DA24B5527AB42A500E812E6;
			remoteInfo = SAPTask;
		};
/* End PBXContainerItemProxy section */

/* Begin PBXFileReference section */
		0AC7625EB939E9E6D09C2BC4 /* Pods-SAPTaskTests.release.xcconfig */ = {isa = PBXFileReference; includeInIndex = 1; lastKnownFileType = text.xcconfig; name = "Pods-SAPTaskTests.release.xcconfig"; path = "Target Support Files/Pods-SAPTaskTests/Pods-SAPTaskTests.release.xcconfig"; sourceTree = "<group>"; };
		2DA24B5627AB42A500E812E6 /* SAPTask.app */ = {isa = PBXFileReference; explicitFileType = wrapper.application; includeInIndex = 0; path = SAPTask.app; sourceTree = BUILT_PRODUCTS_DIR; };
		2DA24B5927AB42A500E812E6 /* AppDelegate.swift */ = {isa = PBXFileReference; lastKnownFileType = sourcecode.swift; path = AppDelegate.swift; sourceTree = "<group>"; };
		2DA24B5B27AB42A500E812E6 /* SceneDelegate.swift */ = {isa = PBXFileReference; lastKnownFileType = sourcecode.swift; path = SceneDelegate.swift; sourceTree = "<group>"; };
		2DA24B6227AB42A800E812E6 /* Assets.xcassets */ = {isa = PBXFileReference; lastKnownFileType = folder.assetcatalog; path = Assets.xcassets; sourceTree = "<group>"; };
		2DA24B6527AB42A800E812E6 /* Base */ = {isa = PBXFileReference; lastKnownFileType = file.storyboard; name = Base; path = Base.lproj/LaunchScreen.storyboard; sourceTree = "<group>"; };
		2DA24B6727AB42A800E812E6 /* Info.plist */ = {isa = PBXFileReference; lastKnownFileType = text.plist.xml; path = Info.plist; sourceTree = "<group>"; };
		2DA24B6C27AB42A800E812E6 /* SAPTaskTests.xctest */ = {isa = PBXFileReference; explicitFileType = wrapper.cfbundle; includeInIndex = 0; path = SAPTaskTests.xctest; sourceTree = BUILT_PRODUCTS_DIR; };
		2DA24B7027AB42A800E812E6 /* SAPTaskTests.swift */ = {isa = PBXFileReference; lastKnownFileType = sourcecode.swift; path = SAPTaskTests.swift; sourceTree = "<group>"; };
		2DA24B7627AB42A800E812E6 /* SAPTaskUITests.xctest */ = {isa = PBXFileReference; explicitFileType = wrapper.cfbundle; includeInIndex = 0; path = SAPTaskUITests.xctest; sourceTree = BUILT_PRODUCTS_DIR; };
		2DA24B7A27AB42A800E812E6 /* SAPTaskUITests.swift */ = {isa = PBXFileReference; lastKnownFileType = sourcecode.swift; path = SAPTaskUITests.swift; sourceTree = "<group>"; };
		2DA24B7C27AB42A800E812E6 /* SAPTaskUITestsLaunchTests.swift */ = {isa = PBXFileReference; lastKnownFileType = sourcecode.swift; path = SAPTaskUITestsLaunchTests.swift; sourceTree = "<group>"; };
		2DA24B8B27AB43ED00E812E6 /* DashboardVC.swift */ = {isa = PBXFileReference; lastKnownFileType = sourcecode.swift; path = DashboardVC.swift; sourceTree = "<group>"; };
		2DA24B9227AB55C900E812E6 /* Constant.swift */ = {isa = PBXFileReference; lastKnownFileType = sourcecode.swift; path = Constant.swift; sourceTree = "<group>"; };
		2DA24B9A27AB5A0700E812E6 /* NSObject.swift */ = {isa = PBXFileReference; lastKnownFileType = sourcecode.swift; path = NSObject.swift; sourceTree = "<group>"; };
		2DA24B9C27AB5CE400E812E6 /* ImageModel.swift */ = {isa = PBXFileReference; lastKnownFileType = sourcecode.swift; path = ImageModel.swift; sourceTree = "<group>"; };
		2DA24BA027AB834100E812E6 /* WebService.swift */ = {isa = PBXFileReference; lastKnownFileType = sourcecode.swift; path = WebService.swift; sourceTree = "<group>"; };
		2DD0E33927AC9B640033F931 /* ImageTableViewCell.swift */ = {isa = PBXFileReference; lastKnownFileType = sourcecode.swift; path = ImageTableViewCell.swift; sourceTree = "<group>"; };
		2DD0E33B27ACA4AF0033F931 /* Utility.swift */ = {isa = PBXFileReference; lastKnownFileType = sourcecode.swift; path = Utility.swift; sourceTree = "<group>"; };
		2FD115FE930CB65C0F57FDFA /* Pods_SAPTaskTests.framework */ = {isa = PBXFileReference; explicitFileType = wrapper.framework; includeInIndex = 0; path = Pods_SAPTaskTests.framework; sourceTree = BUILT_PRODUCTS_DIR; };
		33610726D311E4BE7CE0E93C /* Pods-SAPTaskTests.debug.xcconfig */ = {isa = PBXFileReference; includeInIndex = 1; lastKnownFileType = text.xcconfig; name = "Pods-SAPTaskTests.debug.xcconfig"; path = "Target Support Files/Pods-SAPTaskTests/Pods-SAPTaskTests.debug.xcconfig"; sourceTree = "<group>"; };
		628C2B833DE2498FCD98DDAB /* Pods-SAPTask.debug.xcconfig */ = {isa = PBXFileReference; includeInIndex = 1; lastKnownFileType = text.xcconfig; name = "Pods-SAPTask.debug.xcconfig"; path = "Target Support Files/Pods-SAPTask/Pods-SAPTask.debug.xcconfig"; sourceTree = "<group>"; };
		8C6E57975C211FEAA3EACACE /* Pods-SAPTask-SAPTaskUITests.debug.xcconfig */ = {isa = PBXFileReference; includeInIndex = 1; lastKnownFileType = text.xcconfig; name = "Pods-SAPTask-SAPTaskUITests.debug.xcconfig"; path = "Target Support Files/Pods-SAPTask-SAPTaskUITests/Pods-SAPTask-SAPTaskUITests.debug.xcconfig"; sourceTree = "<group>"; };
		AE105A60AD8E5D0DB4A7DED8 /* Pods-SAPTask-SAPTaskUITests.release.xcconfig */ = {isa = PBXFileReference; includeInIndex = 1; lastKnownFileType = text.xcconfig; name = "Pods-SAPTask-SAPTaskUITests.release.xcconfig"; path = "Target Support Files/Pods-SAPTask-SAPTaskUITests/Pods-SAPTask-SAPTaskUITests.release.xcconfig"; sourceTree = "<group>"; };
		B2FFDFA50C2838958E8EF045 /* Pods-SAPTask.release.xcconfig */ = {isa = PBXFileReference; includeInIndex = 1; lastKnownFileType = text.xcconfig; name = "Pods-SAPTask.release.xcconfig"; path = "Target Support Files/Pods-SAPTask/Pods-SAPTask.release.xcconfig"; sourceTree = "<group>"; };
		C5FCD2BF6E53C62270D74E98 /* Pods_SAPTask_SAPTaskUITests.framework */ = {isa = PBXFileReference; explicitFileType = wrapper.framework; includeInIndex = 0; path = Pods_SAPTask_SAPTaskUITests.framework; sourceTree = BUILT_PRODUCTS_DIR; };
		FF5203FB90244CB894EDD0F7 /* Pods_SAPTask.framework */ = {isa = PBXFileReference; explicitFileType = wrapper.framework; includeInIndex = 0; path = Pods_SAPTask.framework; sourceTree = BUILT_PRODUCTS_DIR; };
/* End PBXFileReference section */

/* Begin PBXFrameworksBuildPhase section */
		2DA24B5327AB42A500E812E6 /* Frameworks */ = {
			isa = PBXFrameworksBuildPhase;
			buildActionMask = 2147483647;
			files = (
				4CAA1A9D66F82B6216FAF248 /* Pods_SAPTask.framework in Frameworks */,
			);
			runOnlyForDeploymentPostprocessing = 0;
		};
		2DA24B6927AB42A800E812E6 /* Frameworks */ = {
			isa = PBXFrameworksBuildPhase;
			buildActionMask = 2147483647;
			files = (
				72B530D551D7A3C9144D68D0 /* Pods_SAPTaskTests.framework in Frameworks */,
			);
			runOnlyForDeploymentPostprocessing = 0;
		};
		2DA24B7327AB42A800E812E6 /* Frameworks */ = {
			isa = PBXFrameworksBuildPhase;
			buildActionMask = 2147483647;
			files = (
				3F33EB61674B57FFF9B2E85B /* Pods_SAPTask_SAPTaskUITests.framework in Frameworks */,
			);
			runOnlyForDeploymentPostprocessing = 0;
		};
/* End PBXFrameworksBuildPhase section */

/* Begin PBXGroup section */
		2DA24B4D27AB42A500E812E6 = {
			isa = PBXGroup;
			children = (
				2DA24B5827AB42A500E812E6 /* SAPTask */,
				2DA24B6F27AB42A800E812E6 /* SAPTaskTests */,
				2DA24B7927AB42A800E812E6 /* SAPTaskUITests */,
				2DA24B5727AB42A500E812E6 /* Products */,
				90B19258CDF2B43409E32AAD /* Pods */,
				DA36E893CEF26FE9E211B2CE /* Frameworks */,
			);
			sourceTree = "<group>";
		};
		2DA24B5727AB42A500E812E6 /* Products */ = {
			isa = PBXGroup;
			children = (
				2DA24B5627AB42A500E812E6 /* SAPTask.app */,
				2DA24B6C27AB42A800E812E6 /* SAPTaskTests.xctest */,
				2DA24B7627AB42A800E812E6 /* SAPTaskUITests.xctest */,
			);
			name = Products;
			sourceTree = "<group>";
		};
		2DA24B5827AB42A500E812E6 /* SAPTask */ = {
			isa = PBXGroup;
			children = (
				2DA24BA727AC60A600E812E6 /* Helper */,
				2DA24B9927AB59DC00E812E6 /* Extension */,
				2DA24B8F27AB4B5B00E812E6 /* MVC */,
				2DA24B8E27AB4B4F00E812E6 /* Constant */,
				2DA24B5927AB42A500E812E6 /* AppDelegate.swift */,
				2DA24B5B27AB42A500E812E6 /* SceneDelegate.swift */,
				2DA24B6227AB42A800E812E6 /* Assets.xcassets */,
				2DA24B6427AB42A800E812E6 /* LaunchScreen.storyboard */,
				2DA24B6727AB42A800E812E6 /* Info.plist */,
			);
			path = SAPTask;
			sourceTree = "<group>";
		};
		2DA24B6F27AB42A800E812E6 /* SAPTaskTests */ = {
			isa = PBXGroup;
			children = (
				2DA24B7027AB42A800E812E6 /* SAPTaskTests.swift */,
			);
			path = SAPTaskTests;
			sourceTree = "<group>";
		};
		2DA24B7927AB42A800E812E6 /* SAPTaskUITests */ = {
			isa = PBXGroup;
			children = (
				2DA24B7A27AB42A800E812E6 /* SAPTaskUITests.swift */,
				2DA24B7C27AB42A800E812E6 /* SAPTaskUITestsLaunchTests.swift */,
			);
			path = SAPTaskUITests;
			sourceTree = "<group>";
		};
		2DA24B8927AB43B200E812E6 /* Controller */ = {
			isa = PBXGroup;
			children = (
				2DA24B8A27AB43C700E812E6 /* DashboardVC */,
			);
			path = Controller;
			sourceTree = "<group>";
		};
		2DA24B8A27AB43C700E812E6 /* DashboardVC */ = {
			isa = PBXGroup;
			children = (
				2DA24B8B27AB43ED00E812E6 /* DashboardVC.swift */,
			);
			path = DashboardVC;
			sourceTree = "<group>";
		};
		2DA24B8D27AB442000E812E6 /* Model */ = {
			isa = PBXGroup;
			children = (
				2DA24BA427AC580E00E812E6 /* PageModel */,
				2DA24B9F27AB831700E812E6 /* WebServiceModel */,
				2DA24B9E27AB5CEB00E812E6 /* ImageModel */,
			);
			path = Model;
			sourceTree = "<group>";
		};
		2DA24B8E27AB4B4F00E812E6 /* Constant */ = {
			isa = PBXGroup;
			children = (
				2DA24B9227AB55C900E812E6 /* Constant.swift */,
			);
			path = Constant;
			sourceTree = "<group>";
		};
		2DA24B8F27AB4B5B00E812E6 /* MVC */ = {
			isa = PBXGroup;
			children = (
				2DA24B8D27AB442000E812E6 /* Model */,
				2DA24B9027AB4BC400E812E6 /* View */,
				2DA24B8927AB43B200E812E6 /* Controller */,
			);
			path = MVC;
			sourceTree = "<group>";
		};
		2DA24B9027AB4BC400E812E6 /* View */ = {
			isa = PBXGroup;
			children = (
				2DD0E33827AC9B410033F931 /* ImageTableViewCell */,
			);
			path = View;
			sourceTree = "<group>";
		};
		2DA24B9927AB59DC00E812E6 /* Extension */ = {
			isa = PBXGroup;
			children = (
				2DA24B9A27AB5A0700E812E6 /* NSObject.swift */,
			);
			path = Extension;
			sourceTree = "<group>";
		};
		2DA24B9E27AB5CEB00E812E6 /* ImageModel */ = {
			isa = PBXGroup;
			children = (
				2DA24B9C27AB5CE400E812E6 /* ImageModel.swift */,
			);
			path = ImageModel;
			sourceTree = "<group>";
		};
		2DA24B9F27AB831700E812E6 /* WebServiceModel */ = {
			isa = PBXGroup;
			children = (
				2DA24BA027AB834100E812E6 /* WebService.swift */,
			);
			path = WebServiceModel;
			sourceTree = "<group>";
		};
		2DA24BA427AC580E00E812E6 /* PageModel */ = {
			isa = PBXGroup;
			children = (
			);
			path = PageModel;
			sourceTree = "<group>";
		};
		2DA24BA727AC60A600E812E6 /* Helper */ = {
			isa = PBXGroup;
			children = (
				2DD0E33B27ACA4AF0033F931 /* Utility.swift */,
			);
			path = Helper;
			sourceTree = "<group>";
		};
		2DD0E33827AC9B410033F931 /* ImageTableViewCell */ = {
			isa = PBXGroup;
			children = (
				2DD0E33927AC9B640033F931 /* ImageTableViewCell.swift */,
			);
			path = ImageTableViewCell;
			sourceTree = "<group>";
		};
		90B19258CDF2B43409E32AAD /* Pods */ = {
			isa = PBXGroup;
			children = (
				628C2B833DE2498FCD98DDAB /* Pods-SAPTask.debug.xcconfig */,
				B2FFDFA50C2838958E8EF045 /* Pods-SAPTask.release.xcconfig */,
				8C6E57975C211FEAA3EACACE /* Pods-SAPTask-SAPTaskUITests.debug.xcconfig */,
				AE105A60AD8E5D0DB4A7DED8 /* Pods-SAPTask-SAPTaskUITests.release.xcconfig */,
				33610726D311E4BE7CE0E93C /* Pods-SAPTaskTests.debug.xcconfig */,
				0AC7625EB939E9E6D09C2BC4 /* Pods-SAPTaskTests.release.xcconfig */,
			);
			path = Pods;
			sourceTree = "<group>";
		};
		DA36E893CEF26FE9E211B2CE /* Frameworks */ = {
			isa = PBXGroup;
			children = (
				FF5203FB90244CB894EDD0F7 /* Pods_SAPTask.framework */,
				C5FCD2BF6E53C62270D74E98 /* Pods_SAPTask_SAPTaskUITests.framework */,
				2FD115FE930CB65C0F57FDFA /* Pods_SAPTaskTests.framework */,
			);
			name = Frameworks;
			sourceTree = "<group>";
		};
/* End PBXGroup section */

/* Begin PBXNativeTarget section */
		2DA24B5527AB42A500E812E6 /* SAPTask */ = {
			isa = PBXNativeTarget;
			buildConfigurationList = 2DA24B8027AB42A800E812E6 /* Build configuration list for PBXNativeTarget "SAPTask" */;
			buildPhases = (
				B892BBF11F2682E99A7B66B0 /* [CP] Check Pods Manifest.lock */,
				2DA24B5227AB42A500E812E6 /* Sources */,
				2DA24B5327AB42A500E812E6 /* Frameworks */,
				2DA24B5427AB42A500E812E6 /* Resources */,
				2E7AC9DC628EFD56B95E2C40 /* [CP] Embed Pods Frameworks */,
			);
			buildRules = (
			);
			dependencies = (
			);
			name = SAPTask;
			productName = SAPTask;
			productReference = 2DA24B5627AB42A500E812E6 /* SAPTask.app */;
			productType = "com.apple.product-type.application";
		};
		2DA24B6B27AB42A800E812E6 /* SAPTaskTests */ = {
			isa = PBXNativeTarget;
			buildConfigurationList = 2DA24B8327AB42A800E812E6 /* Build configuration list for PBXNativeTarget "SAPTaskTests" */;
			buildPhases = (
				DC931EB8BECB94BC45ABE13E /* [CP] Check Pods Manifest.lock */,
				2DA24B6827AB42A800E812E6 /* Sources */,
				2DA24B6927AB42A800E812E6 /* Frameworks */,
				2DA24B6A27AB42A800E812E6 /* Resources */,
			);
			buildRules = (
			);
			dependencies = (
				2DA24B6E27AB42A800E812E6 /* PBXTargetDependency */,
			);
			name = SAPTaskTests;
			productName = SAPTaskTests;
			productReference = 2DA24B6C27AB42A800E812E6 /* SAPTaskTests.xctest */;
			productType = "com.apple.product-type.bundle.unit-test";
		};
		2DA24B7527AB42A800E812E6 /* SAPTaskUITests */ = {
			isa = PBXNativeTarget;
			buildConfigurationList = 2DA24B8627AB42A800E812E6 /* Build configuration list for PBXNativeTarget "SAPTaskUITests" */;
			buildPhases = (
				1FEA000EFB69FF8130239191 /* [CP] Check Pods Manifest.lock */,
				2DA24B7227AB42A800E812E6 /* Sources */,
				2DA24B7327AB42A800E812E6 /* Frameworks */,
				2DA24B7427AB42A800E812E6 /* Resources */,
				56919A17D67BCFC5A1B78B86 /* [CP] Embed Pods Frameworks */,
			);
			buildRules = (
			);
			dependencies = (
				2DA24B7827AB42A800E812E6 /* PBXTargetDependency */,
			);
			name = SAPTaskUITests;
			productName = SAPTaskUITests;
			productReference = 2DA24B7627AB42A800E812E6 /* SAPTaskUITests.xctest */;
			productType = "com.apple.product-type.bundle.ui-testing";
		};
/* End PBXNativeTarget section */

/* Begin PBXProject section */
		2DA24B4E27AB42A500E812E6 /* Project object */ = {
			isa = PBXProject;
			attributes = {
				BuildIndependentTargetsInParallel = 1;
				LastSwiftUpdateCheck = 1320;
				LastUpgradeCheck = 1320;
				TargetAttributes = {
					2DA24B5527AB42A500E812E6 = {
						CreatedOnToolsVersion = 13.2;
					};
					2DA24B6B27AB42A800E812E6 = {
						CreatedOnToolsVersion = 13.2;
						TestTargetID = 2DA24B5527AB42A500E812E6;
					};
					2DA24B7527AB42A800E812E6 = {
						CreatedOnToolsVersion = 13.2;
						TestTargetID = 2DA24B5527AB42A500E812E6;
					};
				};
			};
			buildConfigurationList = 2DA24B5127AB42A500E812E6 /* Build configuration list for PBXProject "SAPTask" */;
			compatibilityVersion = "Xcode 13.0";
			developmentRegion = en;
			hasScannedForEncodings = 0;
			knownRegions = (
				en,
				Base,
			);
			mainGroup = 2DA24B4D27AB42A500E812E6;
			productRefGroup = 2DA24B5727AB42A500E812E6 /* Products */;
			projectDirPath = "";
			projectRoot = "";
			targets = (
				2DA24B5527AB42A500E812E6 /* SAPTask */,
				2DA24B6B27AB42A800E812E6 /* SAPTaskTests */,
				2DA24B7527AB42A800E812E6 /* SAPTaskUITests */,
			);
		};
/* End PBXProject section */

/* Begin PBXResourcesBuildPhase section */
		2DA24B5427AB42A500E812E6 /* Resources */ = {
			isa = PBXResourcesBuildPhase;
			buildActionMask = 2147483647;
			files = (
				2DA24B6627AB42A800E812E6 /* LaunchScreen.storyboard in Resources */,
				2DA24B6327AB42A800E812E6 /* Assets.xcassets in Resources */,
			);
			runOnlyForDeploymentPostprocessing = 0;
		};
		2DA24B6A27AB42A800E812E6 /* Resources */ = {
			isa = PBXResourcesBuildPhase;
			buildActionMask = 2147483647;
			files = (
			);
			runOnlyForDeploymentPostprocessing = 0;
		};
		2DA24B7427AB42A800E812E6 /* Resources */ = {
			isa = PBXResourcesBuildPhase;
			buildActionMask = 2147483647;
			files = (
			);
			runOnlyForDeploymentPostprocessing = 0;
		};
/* End PBXResourcesBuildPhase section */

/* Begin PBXShellScriptBuildPhase section */
		1FEA000EFB69FF8130239191 /* [CP] Check Pods Manifest.lock */ = {
			isa = PBXShellScriptBuildPhase;
			buildActionMask = 2147483647;
			files = (
			);
			inputFileListPaths = (
			);
			inputPaths = (
				"${PODS_PODFILE_DIR_PATH}/Podfile.lock",
				"${PODS_ROOT}/Manifest.lock",
			);
			name = "[CP] Check Pods Manifest.lock";
			outputFileListPaths = (
			);
			outputPaths = (
				"$(DERIVED_FILE_DIR)/Pods-SAPTask-SAPTaskUITests-checkManifestLockResult.txt",
			);
			runOnlyForDeploymentPostprocessing = 0;
			shellPath = /bin/sh;
			shellScript = "diff \"${PODS_PODFILE_DIR_PATH}/Podfile.lock\" \"${PODS_ROOT}/Manifest.lock\" > /dev/null\nif [ $? != 0 ] ; then\n    # print error to STDERR\n    echo \"error: The sandbox is not in sync with the Podfile.lock. Run 'pod install' or update your CocoaPods installation.\" >&2\n    exit 1\nfi\n# This output is used by Xcode 'outputs' to avoid re-running this script phase.\necho \"SUCCESS\" > \"${SCRIPT_OUTPUT_FILE_0}\"\n";
			showEnvVarsInLog = 0;
		};
		2E7AC9DC628EFD56B95E2C40 /* [CP] Embed Pods Frameworks */ = {
			isa = PBXShellScriptBuildPhase;
			buildActionMask = 2147483647;
			files = (
			);
			inputFileListPaths = (
				"${PODS_ROOT}/Target Support Files/Pods-SAPTask/Pods-SAPTask-frameworks-${CONFIGURATION}-input-files.xcfilelist",
			);
			name = "[CP] Embed Pods Frameworks";
			outputFileListPaths = (
				"${PODS_ROOT}/Target Support Files/Pods-SAPTask/Pods-SAPTask-frameworks-${CONFIGURATION}-output-files.xcfilelist",
			);
			runOnlyForDeploymentPostprocessing = 0;
			shellPath = /bin/sh;
			shellScript = "\"${PODS_ROOT}/Target Support Files/Pods-SAPTask/Pods-SAPTask-frameworks.sh\"\n";
			showEnvVarsInLog = 0;
		};
		56919A17D67BCFC5A1B78B86 /* [CP] Embed Pods Frameworks */ = {
			isa = PBXShellScriptBuildPhase;
			buildActionMask = 2147483647;
			files = (
			);
			inputFileListPaths = (
				"${PODS_ROOT}/Target Support Files/Pods-SAPTask-SAPTaskUITests/Pods-SAPTask-SAPTaskUITests-frameworks-${CONFIGURATION}-input-files.xcfilelist",
			);
			name = "[CP] Embed Pods Frameworks";
			outputFileListPaths = (
				"${PODS_ROOT}/Target Support Files/Pods-SAPTask-SAPTaskUITests/Pods-SAPTask-SAPTaskUITests-frameworks-${CONFIGURATION}-output-files.xcfilelist",
			);
			runOnlyForDeploymentPostprocessing = 0;
			shellPath = /bin/sh;
			shellScript = "\"${PODS_ROOT}/Target Support Files/Pods-SAPTask-SAPTaskUITests/Pods-SAPTask-SAPTaskUITests-frameworks.sh\"\n";
			showEnvVarsInLog = 0;
		};
		B892BBF11F2682E99A7B66B0 /* [CP] Check Pods Manifest.lock */ = {
			isa = PBXShellScriptBuildPhase;
			buildActionMask = 2147483647;
			files = (
			);
			inputFileListPaths = (
			);
			inputPaths = (
				"${PODS_PODFILE_DIR_PATH}/Podfile.lock",
				"${PODS_ROOT}/Manifest.lock",
			);
			name = "[CP] Check Pods Manifest.lock";
			outputFileListPaths = (
			);
			outputPaths = (
				"$(DERIVED_FILE_DIR)/Pods-SAPTask-checkManifestLockResult.txt",
			);
			runOnlyForDeploymentPostprocessing = 0;
			shellPath = /bin/sh;
			shellScript = "diff \"${PODS_PODFILE_DIR_PATH}/Podfile.lock\" \"${PODS_ROOT}/Manifest.lock\" > /dev/null\nif [ $? != 0 ] ; then\n    # print error to STDERR\n    echo \"error: The sandbox is not in sync with the Podfile.lock. Run 'pod install' or update your CocoaPods installation.\" >&2\n    exit 1\nfi\n# This output is used by Xcode 'outputs' to avoid re-running this script phase.\necho \"SUCCESS\" > \"${SCRIPT_OUTPUT_FILE_0}\"\n";
			showEnvVarsInLog = 0;
		};
		DC931EB8BECB94BC45ABE13E /* [CP] Check Pods Manifest.lock */ = {
			isa = PBXShellScriptBuildPhase;
			buildActionMask = 2147483647;
			files = (
			);
			inputFileListPaths = (
			);
			inputPaths = (
				"${PODS_PODFILE_DIR_PATH}/Podfile.lock",
				"${PODS_ROOT}/Manifest.lock",
			);
			name = "[CP] Check Pods Manifest.lock";
			outputFileListPaths = (
			);
			outputPaths = (
				"$(DERIVED_FILE_DIR)/Pods-SAPTaskTests-checkManifestLockResult.txt",
			);
			runOnlyForDeploymentPostprocessing = 0;
			shellPath = /bin/sh;
			shellScript = "diff \"${PODS_PODFILE_DIR_PATH}/Podfile.lock\" \"${PODS_ROOT}/Manifest.lock\" > /dev/null\nif [ $? != 0 ] ; then\n    # print error to STDERR\n    echo \"error: The sandbox is not in sync with the Podfile.lock. Run 'pod install' or update your CocoaPods installation.\" >&2\n    exit 1\nfi\n# This output is used by Xcode 'outputs' to avoid re-running this script phase.\necho \"SUCCESS\" > \"${SCRIPT_OUTPUT_FILE_0}\"\n";
			showEnvVarsInLog = 0;
		};
/* End PBXShellScriptBuildPhase section */

/* Begin PBXSourcesBuildPhase section */
		2DA24B5227AB42A500E812E6 /* Sources */ = {
			isa = PBXSourcesBuildPhase;
			buildActionMask = 2147483647;
			files = (
				2DD0E33C27ACA4AF0033F931 /* Utility.swift in Sources */,
				2DA24B8C27AB43EE00E812E6 /* DashboardVC.swift in Sources */,
				2DA24BA127AB834200E812E6 /* WebService.swift in Sources */,
				2DD0E33A27AC9B640033F931 /* ImageTableViewCell.swift in Sources */,
				2DA24B5A27AB42A500E812E6 /* AppDelegate.swift in Sources */,
				2DA24B9B27AB5A0700E812E6 /* NSObject.swift in Sources */,
				2DA24B5C27AB42A500E812E6 /* SceneDelegate.swift in Sources */,
				2DA24B9327AB55C900E812E6 /* Constant.swift in Sources */,
				2DA24B9D27AB5CE500E812E6 /* ImageModel.swift in Sources */,
			);
			runOnlyForDeploymentPostprocessing = 0;
		};
		2DA24B6827AB42A800E812E6 /* Sources */ = {
			isa = PBXSourcesBuildPhase;
			buildActionMask = 2147483647;
			files = (
				2DA24B7127AB42A800E812E6 /* SAPTaskTests.swift in Sources */,
			);
			runOnlyForDeploymentPostprocessing = 0;
		};
		2DA24B7227AB42A800E812E6 /* Sources */ = {
			isa = PBXSourcesBuildPhase;
			buildActionMask = 2147483647;
			files = (
				2DA24B7D27AB42A800E812E6 /* SAPTaskUITestsLaunchTests.swift in Sources */,
				2DA24B7B27AB42A800E812E6 /* SAPTaskUITests.swift in Sources */,
			);
			runOnlyForDeploymentPostprocessing = 0;
		};
/* End PBXSourcesBuildPhase section */

/* Begin PBXTargetDependency section */
		2DA24B6E27AB42A800E812E6 /* PBXTargetDependency */ = {
			isa = PBXTargetDependency;
			target = 2DA24B5527AB42A500E812E6 /* SAPTask */;
			targetProxy = 2DA24B6D27AB42A800E812E6 /* PBXContainerItemProxy */;
		};
		2DA24B7827AB42A800E812E6 /* PBXTargetDependency */ = {
			isa = PBXTargetDependency;
			target = 2DA24B5527AB42A500E812E6 /* SAPTask */;
			targetProxy = 2DA24B7727AB42A800E812E6 /* PBXContainerItemProxy */;
		};
/* End PBXTargetDependency section */

/* Begin PBXVariantGroup section */
		2DA24B6427AB42A800E812E6 /* LaunchScreen.storyboard */ = {
			isa = PBXVariantGroup;
			children = (
				2DA24B6527AB42A800E812E6 /* Base */,
			);
			name = LaunchScreen.storyboard;
			sourceTree = "<group>";
		};
/* End PBXVariantGroup section */

/* Begin XCBuildConfiguration section */
		2DA24B7E27AB42A800E812E6 /* Debug */ = {
			isa = XCBuildConfiguration;
			buildSettings = {
				ALWAYS_SEARCH_USER_PATHS = NO;
				CLANG_ANALYZER_NONNULL = YES;
				CLANG_ANALYZER_NUMBER_OBJECT_CONVERSION = YES_AGGRESSIVE;
				CLANG_CXX_LANGUAGE_STANDARD = "gnu++17";
				CLANG_CXX_LIBRARY = "libc++";
				CLANG_ENABLE_MODULES = YES;
				CLANG_ENABLE_OBJC_ARC = YES;
				CLANG_ENABLE_OBJC_WEAK = YES;
				CLANG_WARN_BLOCK_CAPTURE_AUTORELEASING = YES;
				CLANG_WARN_BOOL_CONVERSION = YES;
				CLANG_WARN_COMMA = YES;
				CLANG_WARN_CONSTANT_CONVERSION = YES;
				CLANG_WARN_DEPRECATED_OBJC_IMPLEMENTATIONS = YES;
				CLANG_WARN_DIRECT_OBJC_ISA_USAGE = YES_ERROR;
				CLANG_WARN_DOCUMENTATION_COMMENTS = YES;
				CLANG_WARN_EMPTY_BODY = YES;
				CLANG_WARN_ENUM_CONVERSION = YES;
				CLANG_WARN_INFINITE_RECURSION = YES;
				CLANG_WARN_INT_CONVERSION = YES;
				CLANG_WARN_NON_LITERAL_NULL_CONVERSION = YES;
				CLANG_WARN_OBJC_IMPLICIT_RETAIN_SELF = YES;
				CLANG_WARN_OBJC_LITERAL_CONVERSION = YES;
				CLANG_WARN_OBJC_ROOT_CLASS = YES_ERROR;
				CLANG_WARN_QUOTED_INCLUDE_IN_FRAMEWORK_HEADER = YES;
				CLANG_WARN_RANGE_LOOP_ANALYSIS = YES;
				CLANG_WARN_STRICT_PROTOTYPES = YES;
				CLANG_WARN_SUSPICIOUS_MOVE = YES;
				CLANG_WARN_UNGUARDED_AVAILABILITY = YES_AGGRESSIVE;
				CLANG_WARN_UNREACHABLE_CODE = YES;
				CLANG_WARN__DUPLICATE_METHOD_MATCH = YES;
				COPY_PHASE_STRIP = NO;
				DEBUG_INFORMATION_FORMAT = dwarf;
				ENABLE_STRICT_OBJC_MSGSEND = YES;
				ENABLE_TESTABILITY = YES;
				GCC_C_LANGUAGE_STANDARD = gnu11;
				GCC_DYNAMIC_NO_PIC = NO;
				GCC_NO_COMMON_BLOCKS = YES;
				GCC_OPTIMIZATION_LEVEL = 0;
				GCC_PREPROCESSOR_DEFINITIONS = (
					"DEBUG=1",
					"$(inherited)",
				);
				GCC_WARN_64_TO_32_BIT_CONVERSION = YES;
				GCC_WARN_ABOUT_RETURN_TYPE = YES_ERROR;
				GCC_WARN_UNDECLARED_SELECTOR = YES;
				GCC_WARN_UNINITIALIZED_AUTOS = YES_AGGRESSIVE;
				GCC_WARN_UNUSED_FUNCTION = YES;
				GCC_WARN_UNUSED_VARIABLE = YES;
				IPHONEOS_DEPLOYMENT_TARGET = 15.2;
				MTL_ENABLE_DEBUG_INFO = INCLUDE_SOURCE;
				MTL_FAST_MATH = YES;
				ONLY_ACTIVE_ARCH = YES;
				SDKROOT = iphoneos;
				SWIFT_ACTIVE_COMPILATION_CONDITIONS = DEBUG;
				SWIFT_OPTIMIZATION_LEVEL = "-Onone";
			};
			name = Debug;
		};
		2DA24B7F27AB42A800E812E6 /* Release */ = {
			isa = XCBuildConfiguration;
			buildSettings = {
				ALWAYS_SEARCH_USER_PATHS = NO;
				CLANG_ANALYZER_NONNULL = YES;
				CLANG_ANALYZER_NUMBER_OBJECT_CONVERSION = YES_AGGRESSIVE;
				CLANG_CXX_LANGUAGE_STANDARD = "gnu++17";
				CLANG_CXX_LIBRARY = "libc++";
				CLANG_ENABLE_MODULES = YES;
				CLANG_ENABLE_OBJC_ARC = YES;
				CLANG_ENABLE_OBJC_WEAK = YES;
				CLANG_WARN_BLOCK_CAPTURE_AUTORELEASING = YES;
				CLANG_WARN_BOOL_CONVERSION = YES;
				CLANG_WARN_COMMA = YES;
				CLANG_WARN_CONSTANT_CONVERSION = YES;
				CLANG_WARN_DEPRECATED_OBJC_IMPLEMENTATIONS = YES;
				CLANG_WARN_DIRECT_OBJC_ISA_USAGE = YES_ERROR;
				CLANG_WARN_DOCUMENTATION_COMMENTS = YES;
				CLANG_WARN_EMPTY_BODY = YES;
				CLANG_WARN_ENUM_CONVERSION = YES;
				CLANG_WARN_INFINITE_RECURSION = YES;
				CLANG_WARN_INT_CONVERSION = YES;
				CLANG_WARN_NON_LITERAL_NULL_CONVERSION = YES;
				CLANG_WARN_OBJC_IMPLICIT_RETAIN_SELF = YES;
				CLANG_WARN_OBJC_LITERAL_CONVERSION = YES;
				CLANG_WARN_OBJC_ROOT_CLASS = YES_ERROR;
				CLANG_WARN_QUOTED_INCLUDE_IN_FRAMEWORK_HEADER = YES;
				CLANG_WARN_RANGE_LOOP_ANALYSIS = YES;
				CLANG_WARN_STRICT_PROTOTYPES = YES;
				CLANG_WARN_SUSPICIOUS_MOVE = YES;
				CLANG_WARN_UNGUARDED_AVAILABILITY = YES_AGGRESSIVE;
				CLANG_WARN_UNREACHABLE_CODE = YES;
				CLANG_WARN__DUPLICATE_METHOD_MATCH = YES;
				COPY_PHASE_STRIP = NO;
				DEBUG_INFORMATION_FORMAT = "dwarf-with-dsym";
				ENABLE_NS_ASSERTIONS = NO;
				ENABLE_STRICT_OBJC_MSGSEND = YES;
				GCC_C_LANGUAGE_STANDARD = gnu11;
				GCC_NO_COMMON_BLOCKS = YES;
				GCC_WARN_64_TO_32_BIT_CONVERSION = YES;
				GCC_WARN_ABOUT_RETURN_TYPE = YES_ERROR;
				GCC_WARN_UNDECLARED_SELECTOR = YES;
				GCC_WARN_UNINITIALIZED_AUTOS = YES_AGGRESSIVE;
				GCC_WARN_UNUSED_FUNCTION = YES;
				GCC_WARN_UNUSED_VARIABLE = YES;
				IPHONEOS_DEPLOYMENT_TARGET = 15.2;
				MTL_ENABLE_DEBUG_INFO = NO;
				MTL_FAST_MATH = YES;
				SDKROOT = iphoneos;
				SWIFT_COMPILATION_MODE = wholemodule;
				SWIFT_OPTIMIZATION_LEVEL = "-O";
				VALIDATE_PRODUCT = YES;
			};
			name = Release;
		};
		2DA24B8127AB42A800E812E6 /* Debug */ = {
			isa = XCBuildConfiguration;
			baseConfigurationReference = 628C2B833DE2498FCD98DDAB /* Pods-SAPTask.debug.xcconfig */;
			buildSettings = {
				ASSETCATALOG_COMPILER_APPICON_NAME = AppIcon;
				ASSETCATALOG_COMPILER_GLOBAL_ACCENT_COLOR_NAME = AccentColor;
				CODE_SIGN_STYLE = Automatic;
				CURRENT_PROJECT_VERSION = 1;
				DEVELOPMENT_TEAM = G459BSTF3D;
				GENERATE_INFOPLIST_FILE = YES;
				INFOPLIST_FILE = SAPTask/Info.plist;
				INFOPLIST_KEY_UIApplicationSupportsIndirectInputEvents = YES;
				INFOPLIST_KEY_UILaunchStoryboardName = LaunchScreen;
				INFOPLIST_KEY_UISupportedInterfaceOrientations = UIInterfaceOrientationPortrait;
				INFOPLIST_KEY_UISupportedInterfaceOrientations_iPad = "UIInterfaceOrientationPortrait UIInterfaceOrientationPortraitUpsideDown UIInterfaceOrientationLandscapeLeft UIInterfaceOrientationLandscapeRight";
				INFOPLIST_KEY_UISupportedInterfaceOrientations_iPhone = "UIInterfaceOrientationPortrait UIInterfaceOrientationLandscapeLeft UIInterfaceOrientationLandscapeRight";
				LD_RUNPATH_SEARCH_PATHS = (
					"$(inherited)",
					"@executable_path/Frameworks",
				);
				MARKETING_VERSION = 1.0;
				PRODUCT_BUNDLE_IDENTIFIER = com.khatri.SAPTask;
				PRODUCT_NAME = "$(TARGET_NAME)";
				SWIFT_EMIT_LOC_STRINGS = YES;
				SWIFT_VERSION = 5.0;
				TARGETED_DEVICE_FAMILY = 1;
			};
			name = Debug;
		};
		2DA24B8227AB42A800E812E6 /* Release */ = {
			isa = XCBuildConfiguration;
			baseConfigurationReference = B2FFDFA50C2838958E8EF045 /* Pods-SAPTask.release.xcconfig */;
			buildSettings = {
				ASSETCATALOG_COMPILER_APPICON_NAME = AppIcon;
				ASSETCATALOG_COMPILER_GLOBAL_ACCENT_COLOR_NAME = AccentColor;
				CODE_SIGN_STYLE = Automatic;
				CURRENT_PROJECT_VERSION = 1;
				DEVELOPMENT_TEAM = G459BSTF3D;
				GENERATE_INFOPLIST_FILE = YES;
				INFOPLIST_FILE = SAPTask/Info.plist;
				INFOPLIST_KEY_UIApplicationSupportsIndirectInputEvents = YES;
				INFOPLIST_KEY_UILaunchStoryboardName = LaunchScreen;
				INFOPLIST_KEY_UISupportedInterfaceOrientations = UIInterfaceOrientationPortrait;
				INFOPLIST_KEY_UISupportedInterfaceOrientations_iPad = "UIInterfaceOrientationPortrait UIInterfaceOrientationPortraitUpsideDown UIInterfaceOrientationLandscapeLeft UIInterfaceOrientationLandscapeRight";
				INFOPLIST_KEY_UISupportedInterfaceOrientations_iPhone = "UIInterfaceOrientationPortrait UIInterfaceOrientationLandscapeLeft UIInterfaceOrientationLandscapeRight";
				LD_RUNPATH_SEARCH_PATHS = (
					"$(inherited)",
					"@executable_path/Frameworks",
				);
				MARKETING_VERSION = 1.0;
				PRODUCT_BUNDLE_IDENTIFIER = com.khatri.SAPTask;
				PRODUCT_NAME = "$(TARGET_NAME)";
				SWIFT_EMIT_LOC_STRINGS = YES;
				SWIFT_VERSION = 5.0;
				TARGETED_DEVICE_FAMILY = 1;
			};
			name = Release;
		};
		2DA24B8427AB42A800E812E6 /* Debug */ = {
			isa = XCBuildConfiguration;
			baseConfigurationReference = 33610726D311E4BE7CE0E93C /* Pods-SAPTaskTests.debug.xcconfig */;
			buildSettings = {
				ALWAYS_EMBED_SWIFT_STANDARD_LIBRARIES = YES;
				BUNDLE_LOADER = "$(TEST_HOST)";
				CODE_SIGN_STYLE = Automatic;
				CURRENT_PROJECT_VERSION = 1;
				DEVELOPMENT_TEAM = G459BSTF3D;
				GENERATE_INFOPLIST_FILE = YES;
				IPHONEOS_DEPLOYMENT_TARGET = 15.2;
				MARKETING_VERSION = 1.0;
				PRODUCT_BUNDLE_IDENTIFIER = com.khatri.SAPTaskTests;
				PRODUCT_NAME = "$(TARGET_NAME)";
				SWIFT_EMIT_LOC_STRINGS = NO;
				SWIFT_VERSION = 5.0;
				TARGETED_DEVICE_FAMILY = "1,2";
				TEST_HOST = "$(BUILT_PRODUCTS_DIR)/SAPTask.app/SAPTask";
			};
			name = Debug;
		};
		2DA24B8527AB42A800E812E6 /* Release */ = {
			isa = XCBuildConfiguration;
			baseConfigurationReference = 0AC7625EB939E9E6D09C2BC4 /* Pods-SAPTaskTests.release.xcconfig */;
			buildSettings = {
				ALWAYS_EMBED_SWIFT_STANDARD_LIBRARIES = YES;
				BUNDLE_LOADER = "$(TEST_HOST)";
				CODE_SIGN_STYLE = Automatic;
				CURRENT_PROJECT_VERSION = 1;
				DEVELOPMENT_TEAM = G459BSTF3D;
				GENERATE_INFOPLIST_FILE = YES;
				IPHONEOS_DEPLOYMENT_TARGET = 15.2;
				MARKETING_VERSION = 1.0;
				PRODUCT_BUNDLE_IDENTIFIER = com.khatri.SAPTaskTests;
				PRODUCT_NAME = "$(TARGET_NAME)";
				SWIFT_EMIT_LOC_STRINGS = NO;
				SWIFT_VERSION = 5.0;
				TARGETED_DEVICE_FAMILY = "1,2";
				TEST_HOST = "$(BUILT_PRODUCTS_DIR)/SAPTask.app/SAPTask";
			};
			name = Release;
		};
		2DA24B8727AB42A800E812E6 /* Debug */ = {
			isa = XCBuildConfiguration;
			baseConfigurationReference = 8C6E57975C211FEAA3EACACE /* Pods-SAPTask-SAPTaskUITests.debug.xcconfig */;
			buildSettings = {
				ALWAYS_EMBED_SWIFT_STANDARD_LIBRARIES = YES;
				CODE_SIGN_STYLE = Automatic;
				CURRENT_PROJECT_VERSION = 1;
				DEVELOPMENT_TEAM = G459BSTF3D;
				GENERATE_INFOPLIST_FILE = YES;
				MARKETING_VERSION = 1.0;
				PRODUCT_BUNDLE_IDENTIFIER = com.khatri.SAPTaskUITests;
				PRODUCT_NAME = "$(TARGET_NAME)";
				SWIFT_EMIT_LOC_STRINGS = NO;
				SWIFT_VERSION = 5.0;
				TARGETED_DEVICE_FAMILY = "1,2";
				TEST_TARGET_NAME = SAPTask;
			};
			name = Debug;
		};
		2DA24B8827AB42A800E812E6 /* Release */ = {
			isa = XCBuildConfiguration;
			baseConfigurationReference = AE105A60AD8E5D0DB4A7DED8 /* Pods-SAPTask-SAPTaskUITests.release.xcconfig */;
			buildSettings = {
				ALWAYS_EMBED_SWIFT_STANDARD_LIBRARIES = YES;
				CODE_SIGN_STYLE = Automatic;
				CURRENT_PROJECT_VERSION = 1;
				DEVELOPMENT_TEAM = G459BSTF3D;
				GENERATE_INFOPLIST_FILE = YES;
				MARKETING_VERSION = 1.0;
				PRODUCT_BUNDLE_IDENTIFIER = com.khatri.SAPTaskUITests;
				PRODUCT_NAME = "$(TARGET_NAME)";
				SWIFT_EMIT_LOC_STRINGS = NO;
				SWIFT_VERSION = 5.0;
				TARGETED_DEVICE_FAMILY = "1,2";
				TEST_TARGET_NAME = SAPTask;
			};
			name = Release;
		};
/* End XCBuildConfiguration section */

/* Begin XCConfigurationList section */
		2DA24B5127AB42A500E812E6 /* Build configuration list for PBXProject "SAPTask" */ = {
			isa = XCConfigurationList;
			buildConfigurations = (
				2DA24B7E27AB42A800E812E6 /* Debug */,
				2DA24B7F27AB42A800E812E6 /* Release */,
			);
			defaultConfigurationIsVisible = 0;
			defaultConfigurationName = Release;
		};
		2DA24B8027AB42A800E812E6 /* Build configuration list for PBXNativeTarget "SAPTask" */ = {
			isa = XCConfigurationList;
			buildConfigurations = (
				2DA24B8127AB42A800E812E6 /* Debug */,
				2DA24B8227AB42A800E812E6 /* Release */,
			);
			defaultConfigurationIsVisible = 0;
			defaultConfigurationName = Release;
		};
		2DA24B8327AB42A800E812E6 /* Build configuration list for PBXNativeTarget "SAPTaskTests" */ = {
			isa = XCConfigurationList;
			buildConfigurations = (
				2DA24B8427AB42A800E812E6 /* Debug */,
				2DA24B8527AB42A800E812E6 /* Release */,
			);
			defaultConfigurationIsVisible = 0;
			defaultConfigurationName = Release;
		};
		2DA24B8627AB42A800E812E6 /* Build configuration list for PBXNativeTarget "SAPTaskUITests" */ = {
			isa = XCConfigurationList;
			buildConfigurations = (
				2DA24B8727AB42A800E812E6 /* Debug */,
				2DA24B8827AB42A800E812E6 /* Release */,
			);
			defaultConfigurationIsVisible = 0;
			defaultConfigurationName = Release;
		};
/* End XCConfigurationList section */
	};
	rootObject = 2DA24B4E27AB42A500E812E6 /* Project object */;
}
